
Microsoft Visual Studio Solution File, Format Version 12.00
# Visual Studio Version 17
VisualStudioVersion = 17.13.35913.81 d17.13
MinimumVisualStudioVersion = 10.0.40219.1
Project("{FAE04EC0-301F-11D3-BF4B-00C04F79EFBC}") = "PerfectGas", "PerfectGas\PerfectGas.csproj", "{008B0FCF-5B96-4173-8DDE-32730734F96C}"
EndProject
Global
	GlobalSection(SolutionConfigurationPlatforms) = preSolution
		Debug|Any CPU = Debug|Any CPU
		Release|Any CPU = Release|Any CPU
	EndGlobalSection
	GlobalSection(ProjectConfigurationPlatforms) = postSolution
		{008B0FCF-5B96-4173-8DDE-32730734F96C}.Debug|Any CPU.ActiveCfg = Debug|Any CPU
		{008B0FCF-5B96-4173-8DDE-32730734F96C}.Debug|Any CPU.Build.0 = Debug|Any CPU
		{008B0FCF-5B96-4173-8DDE-32730734F96C}.Release|Any CPU.ActiveCfg = Release|Any CPU
		{008B0FCF-5B96-4173-8DDE-32730734F96C}.Release|Any CPU.Build.0 = Release|Any CPU
	EndGlobalSection
	GlobalSection(SolutionProperties) = preSolution
		HideSolutionNode = FALSE
	EndGlobalSection
	GlobalSection(ExtensibilityGlobals) = postSolution
		SolutionGuid = {BB25D1BB-53B8-4185-9541-E07D6C22F1EC}
	EndGlobalSection
EndGlobal
